
Microsoft Visual Studio Solution File, Format Version 12.00
# Visual Studio Version 17
VisualStudioVersion = 17.12.35209.166
MinimumVisualStudioVersion = 10.0.40219.1
Project("{FAE04EC0-301F-11D3-BF4B-00C04F79EFBC}") = "CsharpAsync", "CsharpAsync\CsharpAsync.csproj", "{1D44BC08-714E-4A40-9FE3-542A1CFA0625}"
EndProject
Global
	GlobalSection(SolutionConfigurationPlatforms) = preSolution
		Debug|Any CPU = Debug|Any CPU
		Release|Any CPU = Release|Any CPU
	EndGlobalSection
	GlobalSection(ProjectConfigurationPlatforms) = postSolution
		{1D44BC08-714E-4A40-9FE3-542A1CFA0625}.Debug|Any CPU.ActiveCfg = Debug|Any CPU
		{1D44BC08-714E-4A40-9FE3-542A1CFA0625}.Debug|Any CPU.Build.0 = Debug|Any CPU
		{1D44BC08-714E-4A40-9FE3-542A1CFA0625}.Release|Any CPU.ActiveCfg = Release|Any CPU
		{1D44BC08-714E-4A40-9FE3-542A1CFA0625}.Release|Any CPU.Build.0 = Release|Any CPU
	EndGlobalSection
	GlobalSection(SolutionProperties) = preSolution
		HideSolutionNode = FALSE
	EndGlobalSection
	GlobalSection(ExtensibilityGlobals) = postSolution
		SolutionGuid = {B960F8C3-952E-4A95-BC3F-ACC014BF38A1}
	EndGlobalSection
EndGlobal
